// !$*UTF8*$!
{
	archiveVersion = 1;
	classes = {
	};
	objectVersion = 50;
	objects = {

/* Begin PBXBuildFile section */
		4DC56EFB23291A0600E39206 /* AppDelegate.swift in Sources */ = {isa = PBXBuildFile; fileRef = 4DC56EFA23291A0600E39206 /* AppDelegate.swift */; };
		4DC56EFD23291A0600E39206 /* ViewController.swift in Sources */ = {isa = PBXBuildFile; fileRef = 4DC56EFC23291A0600E39206 /* ViewController.swift */; };
		4DC56F0023291A0600E39206 /* Main.storyboard in Resources */ = {isa = PBXBuildFile; fileRef = 4DC56EFE23291A0600E39206 /* Main.storyboard */; };
		4DC56F0223291A0700E39206 /* Assets.xcassets in Resources */ = {isa = PBXBuildFile; fileRef = 4DC56F0123291A0700E39206 /* Assets.xcassets */; };
		4DC56F0523291A0700E39206 /* LaunchScreen.storyboard in Resources */ = {isa = PBXBuildFile; fileRef = 4DC56F0323291A0700E39206 /* LaunchScreen.storyboard */; };
		4DC56F0E23291DB400E39206 /* LoginViewController.swift in Sources */ = {isa = PBXBuildFile; fileRef = 4DC56F0D23291DB400E39206 /* LoginViewController.swift */; };
		4DC56F12232925CF00E39206 /* RegisterViewController.swift in Sources */ = {isa = PBXBuildFile; fileRef = 4DC56F11232925CF00E39206 /* RegisterViewController.swift */; };
		4DC56F14232925E800E39206 /* WelcomeViewController.swift in Sources */ = {isa = PBXBuildFile; fileRef = 4DC56F13232925E800E39206 /* WelcomeViewController.swift */; };
		4DC56F3123294FB400E39206 /* SQLite.framework in Frameworks */ = {isa = PBXBuildFile; fileRef = 4DC56F2323294F7100E39206 /* SQLite.framework */; };
		4DC56F3223294FCF00E39206 /* SQLite.framework in Frameworks */ = {isa = PBXBuildFile; fileRef = 4DC56F2323294F7100E39206 /* SQLite.framework */; };
		4DC56F3323294FCF00E39206 /* SQLite.framework in Embed Frameworks */ = {isa = PBXBuildFile; fileRef = 4DC56F2323294F7100E39206 /* SQLite.framework */; settings = {ATTRIBUTES = (CodeSignOnCopy, RemoveHeadersOnCopy, ); }; };
		4DC56F382329555000E39206 /* DatabaseManager.swift in Sources */ = {isa = PBXBuildFile; fileRef = 4DC56F372329555000E39206 /* DatabaseManager.swift */; };
		4DC56F3A2329652800E39206 /* LoginProtocol.swift in Sources */ = {isa = PBXBuildFile; fileRef = 4DC56F392329652800E39206 /* LoginProtocol.swift */; };
		4DC56F3C2329662D00E39206 /* LoginPresenter.swift in Sources */ = {isa = PBXBuildFile; fileRef = 4DC56F3B2329662D00E39206 /* LoginPresenter.swift */; };
		4DC56F3E2329679C00E39206 /* LoginViewProtocol.swift in Sources */ = {isa = PBXBuildFile; fileRef = 4DC56F3D2329679C00E39206 /* LoginViewProtocol.swift */; };
		4DC56F4023296E0700E39206 /* RegisterPresenter.swift in Sources */ = {isa = PBXBuildFile; fileRef = 4DC56F3F23296E0700E39206 /* RegisterPresenter.swift */; };
		4DC56F4223296E1900E39206 /* RegisterProtocol.swift in Sources */ = {isa = PBXBuildFile; fileRef = 4DC56F4123296E1900E39206 /* RegisterProtocol.swift */; };
		4DC56F4423296E2F00E39206 /* RegisterViewProtocol.swift in Sources */ = {isa = PBXBuildFile; fileRef = 4DC56F4323296E2F00E39206 /* RegisterViewProtocol.swift */; };
/* End PBXBuildFile section */

/* Begin PBXContainerItemProxy section */
		4DC56F2223294F7100E39206 /* PBXContainerItemProxy */ = {
			isa = PBXContainerItemProxy;
			containerPortal = 4DC56F1823294F7100E39206 /* SQLite.xcodeproj */;
			proxyType = 2;
			remoteGlobalIDString = EE247AD31C3F04ED00AE3E12;
			remoteInfo = "SQLite iOS";
		};
		4DC56F2423294F7100E39206 /* PBXContainerItemProxy */ = {
			isa = PBXContainerItemProxy;
			containerPortal = 4DC56F1823294F7100E39206 /* SQLite.xcodeproj */;
			proxyType = 2;
			remoteGlobalIDString = EE247ADD1C3F04ED00AE3E12;
			remoteInfo = "SQLiteTests iOS";
		};
		4DC56F2623294F7100E39206 /* PBXContainerItemProxy */ = {
			isa = PBXContainerItemProxy;
			containerPortal = 4DC56F1823294F7100E39206 /* SQLite.xcodeproj */;
			proxyType = 2;
			remoteGlobalIDString = EE247B3C1C3F3ED000AE3E12;
			remoteInfo = "SQLite Mac";
		};
		4DC56F2823294F7100E39206 /* PBXContainerItemProxy */ = {
			isa = PBXContainerItemProxy;
			containerPortal = 4DC56F1823294F7100E39206 /* SQLite.xcodeproj */;
			proxyType = 2;
			remoteGlobalIDString = EE247B451C3F3ED000AE3E12;
			remoteInfo = "SQLiteTests Mac";
		};
		4DC56F2A23294F7100E39206 /* PBXContainerItemProxy */ = {
			isa = PBXContainerItemProxy;
			containerPortal = 4DC56F1823294F7100E39206 /* SQLite.xcodeproj */;
			proxyType = 2;
			remoteGlobalIDString = 03A65E5A1C6BB0F50062603F;
			remoteInfo = "SQLite tvOS";
		};
		4DC56F2C23294F7100E39206 /* PBXContainerItemProxy */ = {
			isa = PBXContainerItemProxy;
			containerPortal = 4DC56F1823294F7100E39206 /* SQLite.xcodeproj */;
			proxyType = 2;
			remoteGlobalIDString = 03A65E631C6BB0F60062603F;
			remoteInfo = "SQLiteTests tvOS";
		};
		4DC56F2E23294F7100E39206 /* PBXContainerItemProxy */ = {
			isa = PBXContainerItemProxy;
			containerPortal = 4DC56F1823294F7100E39206 /* SQLite.xcodeproj */;
			proxyType = 2;
			remoteGlobalIDString = A121AC451CA35C79005A31D1;
			remoteInfo = "SQLite watchOS";
		};
		4DC56F3423294FCF00E39206 /* PBXContainerItemProxy */ = {
			isa = PBXContainerItemProxy;
			containerPortal = 4DC56F1823294F7100E39206 /* SQLite.xcodeproj */;
			proxyType = 1;
			remoteGlobalIDString = EE247AD21C3F04ED00AE3E12;
			remoteInfo = "SQLite iOS";
		};
/* End PBXContainerItemProxy section */

/* Begin PBXCopyFilesBuildPhase section */
		4DC56F3623294FCF00E39206 /* Embed Frameworks */ = {
			isa = PBXCopyFilesBuildPhase;
			buildActionMask = 2147483647;
			dstPath = "";
			dstSubfolderSpec = 10;
			files = (
				4DC56F3323294FCF00E39206 /* SQLite.framework in Embed Frameworks */,
			);
			name = "Embed Frameworks";
			runOnlyForDeploymentPostprocessing = 0;
		};
/* End PBXCopyFilesBuildPhase section */

/* Begin PBXFileReference section */
		4DC56EF723291A0600E39206 /* LoginExample.app */ = {isa = PBXFileReference; explicitFileType = wrapper.application; includeInIndex = 0; path = LoginExample.app; sourceTree = BUILT_PRODUCTS_DIR; };
		4DC56EFA23291A0600E39206 /* AppDelegate.swift */ = {isa = PBXFileReference; lastKnownFileType = sourcecode.swift; path = AppDelegate.swift; sourceTree = "<group>"; };
		4DC56EFC23291A0600E39206 /* ViewController.swift */ = {isa = PBXFileReference; lastKnownFileType = sourcecode.swift; path = ViewController.swift; sourceTree = "<group>"; };
		4DC56EFF23291A0600E39206 /* Base */ = {isa = PBXFileReference; lastKnownFileType = file.storyboard; name = Base; path = Base.lproj/Main.storyboard; sourceTree = "<group>"; };
		4DC56F0123291A0700E39206 /* Assets.xcassets */ = {isa = PBXFileReference; lastKnownFileType = folder.assetcatalog; path = Assets.xcassets; sourceTree = "<group>"; };
		4DC56F0423291A0700E39206 /* Base */ = {isa = PBXFileReference; lastKnownFileType = file.storyboard; name = Base; path = Base.lproj/LaunchScreen.storyboard; sourceTree = "<group>"; };
		4DC56F0623291A0700E39206 /* Info.plist */ = {isa = PBXFileReference; lastKnownFileType = text.plist.xml; path = Info.plist; sourceTree = "<group>"; };
		4DC56F0D23291DB400E39206 /* LoginViewController.swift */ = {isa = PBXFileReference; lastKnownFileType = sourcecode.swift; path = LoginViewController.swift; sourceTree = "<group>"; };
		4DC56F11232925CF00E39206 /* RegisterViewController.swift */ = {isa = PBXFileReference; lastKnownFileType = sourcecode.swift; path = RegisterViewController.swift; sourceTree = "<group>"; };
		4DC56F13232925E800E39206 /* WelcomeViewController.swift */ = {isa = PBXFileReference; lastKnownFileType = sourcecode.swift; path = WelcomeViewController.swift; sourceTree = "<group>"; };
		4DC56F1823294F7100E39206 /* SQLite.xcodeproj */ = {isa = PBXFileReference; lastKnownFileType = "wrapper.pb-project"; name = SQLite.xcodeproj; path = "../../../Downloads/SQLite.swift-prepare-0.12.1/SQLite.xcodeproj"; sourceTree = "<group>"; };
		4DC56F372329555000E39206 /* DatabaseManager.swift */ = {isa = PBXFileReference; lastKnownFileType = sourcecode.swift; path = DatabaseManager.swift; sourceTree = "<group>"; };
		4DC56F392329652800E39206 /* LoginProtocol.swift */ = {isa = PBXFileReference; lastKnownFileType = sourcecode.swift; path = LoginProtocol.swift; sourceTree = "<group>"; };
		4DC56F3B2329662D00E39206 /* LoginPresenter.swift */ = {isa = PBXFileReference; lastKnownFileType = sourcecode.swift; path = LoginPresenter.swift; sourceTree = "<group>"; };
		4DC56F3D2329679C00E39206 /* LoginViewProtocol.swift */ = {isa = PBXFileReference; lastKnownFileType = sourcecode.swift; path = LoginViewProtocol.swift; sourceTree = "<group>"; };
		4DC56F3F23296E0700E39206 /* RegisterPresenter.swift */ = {isa = PBXFileReference; lastKnownFileType = sourcecode.swift; path = RegisterPresenter.swift; sourceTree = "<group>"; };
		4DC56F4123296E1900E39206 /* RegisterProtocol.swift */ = {isa = PBXFileReference; lastKnownFileType = sourcecode.swift; path = RegisterProtocol.swift; sourceTree = "<group>"; };
		4DC56F4323296E2F00E39206 /* RegisterViewProtocol.swift */ = {isa = PBXFileReference; lastKnownFileType = sourcecode.swift; path = RegisterViewProtocol.swift; sourceTree = "<group>"; };
/* End PBXFileReference section */

/* Begin PBXFrameworksBuildPhase section */
		4DC56EF423291A0600E39206 /* Frameworks */ = {
			isa = PBXFrameworksBuildPhase;
			buildActionMask = 2147483647;
			files = (
				4DC56F3223294FCF00E39206 /* SQLite.framework in Frameworks */,
				4DC56F3123294FB400E39206 /* SQLite.framework in Frameworks */,
			);
			runOnlyForDeploymentPostprocessing = 0;
		};
/* End PBXFrameworksBuildPhase section */

/* Begin PBXGroup section */
		4DC56EEE23291A0600E39206 = {
			isa = PBXGroup;
			children = (
				4DC56EF923291A0600E39206 /* LoginExample */,
				4DC56EF823291A0600E39206 /* Products */,
				4DC56F1823294F7100E39206 /* SQLite.xcodeproj */,
				4DC56F3023294FB400E39206 /* Frameworks */,
			);
			sourceTree = "<group>";
		};
		4DC56EF823291A0600E39206 /* Products */ = {
			isa = PBXGroup;
			children = (
				4DC56EF723291A0600E39206 /* LoginExample.app */,
			);
			name = Products;
			sourceTree = "<group>";
		};
		4DC56EF923291A0600E39206 /* LoginExample */ = {
			isa = PBXGroup;
			children = (
				4DC56F1523294BB100E39206 /* database */,
				4DC56F10232925B300E39206 /* welcome */,
				4DC56F0F232925A000E39206 /* register */,
				4DC56F0C23291D6700E39206 /* Login */,
				4DC56EFA23291A0600E39206 /* AppDelegate.swift */,
				4DC56EFC23291A0600E39206 /* ViewController.swift */,
				4DC56EFE23291A0600E39206 /* Main.storyboard */,
				4DC56F0123291A0700E39206 /* Assets.xcassets */,
				4DC56F0323291A0700E39206 /* LaunchScreen.storyboard */,
				4DC56F0623291A0700E39206 /* Info.plist */,
			);
			path = LoginExample;
			sourceTree = "<group>";
		};
		4DC56F0C23291D6700E39206 /* Login */ = {
			isa = PBXGroup;
			children = (
				4DC56F0D23291DB400E39206 /* LoginViewController.swift */,
				4DC56F392329652800E39206 /* LoginProtocol.swift */,
				4DC56F3B2329662D00E39206 /* LoginPresenter.swift */,
				4DC56F3D2329679C00E39206 /* LoginViewProtocol.swift */,
			);
			path = Login;
			sourceTree = "<group>";
		};
		4DC56F0F232925A000E39206 /* register */ = {
			isa = PBXGroup;
			children = (
				4DC56F11232925CF00E39206 /* RegisterViewController.swift */,
				4DC56F3F23296E0700E39206 /* RegisterPresenter.swift */,
				4DC56F4123296E1900E39206 /* RegisterProtocol.swift */,
				4DC56F4323296E2F00E39206 /* RegisterViewProtocol.swift */,
			);
			path = register;
			sourceTree = "<group>";
		};
		4DC56F10232925B300E39206 /* welcome */ = {
			isa = PBXGroup;
			children = (
				4DC56F13232925E800E39206 /* WelcomeViewController.swift */,
			);
			path = welcome;
			sourceTree = "<group>";
		};
		4DC56F1523294BB100E39206 /* database */ = {
			isa = PBXGroup;
			children = (
				4DC56F372329555000E39206 /* DatabaseManager.swift */,
			);
			path = database;
			sourceTree = "<group>";
		};
		4DC56F1923294F7100E39206 /* Products */ = {
			isa = PBXGroup;
			children = (
				4DC56F2323294F7100E39206 /* SQLite.framework */,
				4DC56F2523294F7100E39206 /* SQLiteTests iOS.xctest */,
				4DC56F2723294F7100E39206 /* SQLite.framework */,
				4DC56F2923294F7100E39206 /* SQLiteTests Mac.xctest */,
				4DC56F2B23294F7100E39206 /* SQLite.framework */,
				4DC56F2D23294F7100E39206 /* SQLiteTests tvOS.xctest */,
				4DC56F2F23294F7100E39206 /* SQLite.framework */,
			);
			name = Products;
			sourceTree = "<group>";
		};
		4DC56F3023294FB400E39206 /* Frameworks */ = {
			isa = PBXGroup;
			children = (
			);
			name = Frameworks;
			sourceTree = "<group>";
		};
/* End PBXGroup section */

/* Begin PBXNativeTarget section */
		4DC56EF623291A0600E39206 /* LoginExample */ = {
			isa = PBXNativeTarget;
			buildConfigurationList = 4DC56F0923291A0700E39206 /* Build configuration list for PBXNativeTarget "LoginExample" */;
			buildPhases = (
				4DC56EF323291A0600E39206 /* Sources */,
				4DC56EF423291A0600E39206 /* Frameworks */,
				4DC56EF523291A0600E39206 /* Resources */,
				4DC56F3623294FCF00E39206 /* Embed Frameworks */,
			);
			buildRules = (
			);
			dependencies = (
				4DC56F3523294FCF00E39206 /* PBXTargetDependency */,
			);
			name = LoginExample;
			productName = LoginExample;
			productReference = 4DC56EF723291A0600E39206 /* LoginExample.app */;
			productType = "com.apple.product-type.application";
		};
/* End PBXNativeTarget section */

/* Begin PBXProject section */
		4DC56EEF23291A0600E39206 /* Project object */ = {
			isa = PBXProject;
			attributes = {
				LastSwiftUpdateCheck = 1030;
				LastUpgradeCheck = 1030;
				ORGANIZATIONNAME = "Sudhan Ram";
				TargetAttributes = {
					4DC56EF623291A0600E39206 = {
						CreatedOnToolsVersion = 10.3;
					};
				};
			};
			buildConfigurationList = 4DC56EF223291A0600E39206 /* Build configuration list for PBXProject "LoginExample" */;
			compatibilityVersion = "Xcode 9.3";
			developmentRegion = en;
			hasScannedForEncodings = 0;
			knownRegions = (
				en,
				Base,
			);
			mainGroup = 4DC56EEE23291A0600E39206;
			productRefGroup = 4DC56EF823291A0600E39206 /* Products */;
			projectDirPath = "";
			projectReferences = (
				{
					ProductGroup = 4DC56F1923294F7100E39206 /* Products */;
					ProjectRef = 4DC56F1823294F7100E39206 /* SQLite.xcodeproj */;
				},
			);
			projectRoot = "";
			targets = (
				4DC56EF623291A0600E39206 /* LoginExample */,
			);
		};
/* End PBXProject section */

/* Begin PBXReferenceProxy section */
		4DC56F2323294F7100E39206 /* SQLite.framework */ = {
			isa = PBXReferenceProxy;
			fileType = wrapper.framework;
			path = SQLite.framework;
			remoteRef = 4DC56F2223294F7100E39206 /* PBXContainerItemProxy */;
			sourceTree = BUILT_PRODUCTS_DIR;
		};
		4DC56F2523294F7100E39206 /* SQLiteTests iOS.xctest */ = {
			isa = PBXReferenceProxy;
			fileType = wrapper.cfbundle;
			path = "SQLiteTests iOS.xctest";
			remoteRef = 4DC56F2423294F7100E39206 /* PBXContainerItemProxy */;
			sourceTree = BUILT_PRODUCTS_DIR;
		};
		4DC56F2723294F7100E39206 /* SQLite.framework */ = {
			isa = PBXReferenceProxy;
			fileType = wrapper.framework;
			path = SQLite.framework;
			remoteRef = 4DC56F2623294F7100E39206 /* PBXContainerItemProxy */;
			sourceTree = BUILT_PRODUCTS_DIR;
		};
		4DC56F2923294F7100E39206 /* SQLiteTests Mac.xctest */ = {
			isa = PBXReferenceProxy;
			fileType = wrapper.cfbundle;
			path = "SQLiteTests Mac.xctest";
			remoteRef = 4DC56F2823294F7100E39206 /* PBXContainerItemProxy */;
			sourceTree = BUILT_PRODUCTS_DIR;
		};
		4DC56F2B23294F7100E39206 /* SQLite.framework */ = {
			isa = PBXReferenceProxy;
			fileType = wrapper.framework;
			path = SQLite.framework;
			remoteRef = 4DC56F2A23294F7100E39206 /* PBXContainerItemProxy */;
			sourceTree = BUILT_PRODUCTS_DIR;
		};
		4DC56F2D23294F7100E39206 /* SQLiteTests tvOS.xctest */ = {
			isa = PBXReferenceProxy;
			fileType = wrapper.cfbundle;
			path = "SQLiteTests tvOS.xctest";
			remoteRef = 4DC56F2C23294F7100E39206 /* PBXContainerItemProxy */;
			sourceTree = BUILT_PRODUCTS_DIR;
		};
		4DC56F2F23294F7100E39206 /* SQLite.framework */ = {
			isa = PBXReferenceProxy;
			fileType = wrapper.framework;
			path = SQLite.framework;
			remoteRef = 4DC56F2E23294F7100E39206 /* PBXContainerItemProxy */;
			sourceTree = BUILT_PRODUCTS_DIR;
		};
/* End PBXReferenceProxy section */

/* Begin PBXResourcesBuildPhase section */
		4DC56EF523291A0600E39206 /* Resources */ = {
			isa = PBXResourcesBuildPhase;
			buildActionMask = 2147483647;
			files = (
				4DC56F0523291A0700E39206 /* LaunchScreen.storyboard in Resources */,
				4DC56F0223291A0700E39206 /* Assets.xcassets in Resources */,
				4DC56F0023291A0600E39206 /* Main.storyboard in Resources */,
			);
			runOnlyForDeploymentPostprocessing = 0;
		};
/* End PBXResourcesBuildPhase section */

/* Begin PBXSourcesBuildPhase section */
		4DC56EF323291A0600E39206 /* Sources */ = {
			isa = PBXSourcesBuildPhase;
			buildActionMask = 2147483647;
			files = (
				4DC56F3C2329662D00E39206 /* LoginPresenter.swift in Sources */,
				4DC56F0E23291DB400E39206 /* LoginViewController.swift in Sources */,
				4DC56F4223296E1900E39206 /* RegisterProtocol.swift in Sources */,
				4DC56F14232925E800E39206 /* WelcomeViewController.swift in Sources */,
				4DC56F382329555000E39206 /* DatabaseManager.swift in Sources */,
				4DC56F3E2329679C00E39206 /* LoginViewProtocol.swift in Sources */,
				4DC56F4023296E0700E39206 /* RegisterPresenter.swift in Sources */,
				4DC56F3A2329652800E39206 /* LoginProtocol.swift in Sources */,
				4DC56EFD23291A0600E39206 /* ViewController.swift in Sources */,
				4DC56EFB23291A0600E39206 /* AppDelegate.swift in Sources */,
				4DC56F12232925CF00E39206 /* RegisterViewController.swift in Sources */,
				4DC56F4423296E2F00E39206 /* RegisterViewProtocol.swift in Sources */,
			);
			runOnlyForDeploymentPostprocessing = 0;
		};
/* End PBXSourcesBuildPhase section */

/* Begin PBXTargetDependency section */
		4DC56F3523294FCF00E39206 /* PBXTargetDependency */ = {
			isa = PBXTargetDependency;
			name = "SQLite iOS";
			targetProxy = 4DC56F3423294FCF00E39206 /* PBXContainerItemProxy */;
		};
/* End PBXTargetDependency section */

/* Begin PBXVariantGroup section */
		4DC56EFE23291A0600E39206 /* Main.storyboard */ = {
			isa = PBXVariantGroup;
			children = (
				4DC56EFF23291A0600E39206 /* Base */,
			);
			name = Main.storyboard;
			sourceTree = "<group>";
		};
		4DC56F0323291A0700E39206 /* LaunchScreen.storyboard */ = {
			isa = PBXVariantGroup;
			children = (
				4DC56F0423291A0700E39206 /* Base */,
			);
			name = LaunchScreen.storyboard;
			sourceTree = "<group>";
		};
/* End PBXVariantGroup section */

/* Begin XCBuildConfiguration section */
		4DC56F0723291A0700E39206 /* Debug */ = {
			isa = XCBuildConfiguration;
			buildSettings = {
				ALWAYS_SEARCH_USER_PATHS = NO;
				CLANG_ANALYZER_NONNULL = YES;
				CLANG_ANALYZER_NUMBER_OBJECT_CONVERSION = YES_AGGRESSIVE;
				CLANG_CXX_LANGUAGE_STANDARD = "gnu++14";
				CLANG_CXX_LIBRARY = "libc++";
				CLANG_ENABLE_MODULES = YES;
				CLANG_ENABLE_OBJC_ARC = YES;
				CLANG_ENABLE_OBJC_WEAK = YES;
				CLANG_WARN_BLOCK_CAPTURE_AUTORELEASING = YES;
				CLANG_WARN_BOOL_CONVERSION = YES;
				CLANG_WARN_COMMA = YES;
				CLANG_WARN_CONSTANT_CONVERSION = YES;
				CLANG_WARN_DEPRECATED_OBJC_IMPLEMENTATIONS = YES;
				CLANG_WARN_DIRECT_OBJC_ISA_USAGE = YES_ERROR;
				CLANG_WARN_DOCUMENTATION_COMMENTS = YES;
				CLANG_WARN_EMPTY_BODY = YES;
				CLANG_WARN_ENUM_CONVERSION = YES;
				CLANG_WARN_INFINITE_RECURSION = YES;
				CLANG_WARN_INT_CONVERSION = YES;
				CLANG_WARN_NON_LITERAL_NULL_CONVERSION = YES;
				CLANG_WARN_OBJC_IMPLICIT_RETAIN_SELF = YES;
				CLANG_WARN_OBJC_LITERAL_CONVERSION = YES;
				CLANG_WARN_OBJC_ROOT_CLASS = YES_ERROR;
				CLANG_WARN_RANGE_LOOP_ANALYSIS = YES;
				CLANG_WARN_STRICT_PROTOTYPES = YES;
				CLANG_WARN_SUSPICIOUS_MOVE = YES;
				CLANG_WARN_UNGUARDED_AVAILABILITY = YES_AGGRESSIVE;
				CLANG_WARN_UNREACHABLE_CODE = YES;
				CLANG_WARN__DUPLICATE_METHOD_MATCH = YES;
				CODE_SIGN_IDENTITY = "iPhone Developer";
				COPY_PHASE_STRIP = NO;
				DEBUG_INFORMATION_FORMAT = dwarf;
				ENABLE_STRICT_OBJC_MSGSEND = YES;
				ENABLE_TESTABILITY = YES;
				GCC_C_LANGUAGE_STANDARD = gnu11;
				GCC_DYNAMIC_NO_PIC = NO;
				GCC_NO_COMMON_BLOCKS = YES;
				GCC_OPTIMIZATION_LEVEL = 0;
				GCC_PREPROCESSOR_DEFINITIONS = (
					"DEBUG=1",
					"$(inherited)",
				);
				GCC_WARN_64_TO_32_BIT_CONVERSION = YES;
				GCC_WARN_ABOUT_RETURN_TYPE = YES_ERROR;
				GCC_WARN_UNDECLARED_SELECTOR = YES;
				GCC_WARN_UNINITIALIZED_AUTOS = YES_AGGRESSIVE;
				GCC_WARN_UNUSED_FUNCTION = YES;
				GCC_WARN_UNUSED_VARIABLE = YES;
				IPHONEOS_DEPLOYMENT_TARGET = 12.4;
				MTL_ENABLE_DEBUG_INFO = INCLUDE_SOURCE;
				MTL_FAST_MATH = YES;
				ONLY_ACTIVE_ARCH = YES;
				SDKROOT = iphoneos;
				SWIFT_ACTIVE_COMPILATION_CONDITIONS = DEBUG;
				SWIFT_OPTIMIZATION_LEVEL = "-Onone";
			};
			name = Debug;
		};
		4DC56F0823291A0700E39206 /* Release */ = {
			isa = XCBuildConfiguration;
			buildSettings = {
				ALWAYS_SEARCH_USER_PATHS = NO;
				CLANG_ANALYZER_NONNULL = YES;
				CLANG_ANALYZER_NUMBER_OBJECT_CONVERSION = YES_AGGRESSIVE;
				CLANG_CXX_LANGUAGE_STANDARD = "gnu++14";
				CLANG_CXX_LIBRARY = "libc++";
				CLANG_ENABLE_MODULES = YES;
				CLANG_ENABLE_OBJC_ARC = YES;
				CLANG_ENABLE_OBJC_WEAK = YES;
				CLANG_WARN_BLOCK_CAPTURE_AUTORELEASING = YES;
				CLANG_WARN_BOOL_CONVERSION = YES;
				CLANG_WARN_COMMA = YES;
				CLANG_WARN_CONSTANT_CONVERSION = YES;
				CLANG_WARN_DEPRECATED_OBJC_IMPLEMENTATIONS = YES;
				CLANG_WARN_DIRECT_OBJC_ISA_USAGE = YES_ERROR;
				CLANG_WARN_DOCUMENTATION_COMMENTS = YES;
				CLANG_WARN_EMPTY_BODY = YES;
				CLANG_WARN_ENUM_CONVERSION = YES;
				CLANG_WARN_INFINITE_RECURSION = YES;
				CLANG_WARN_INT_CONVERSION = YES;
				CLANG_WARN_NON_LITERAL_NULL_CONVERSION = YES;
				CLANG_WARN_OBJC_IMPLICIT_RETAIN_SELF = YES;
				CLANG_WARN_OBJC_LITERAL_CONVERSION = YES;
				CLANG_WARN_OBJC_ROOT_CLASS = YES_ERROR;
				CLANG_WARN_RANGE_LOOP_ANALYSIS = YES;
				CLANG_WARN_STRICT_PROTOTYPES = YES;
				CLANG_WARN_SUSPICIOUS_MOVE = YES;
				CLANG_WARN_UNGUARDED_AVAILABILITY = YES_AGGRESSIVE;
				CLANG_WARN_UNREACHABLE_CODE = YES;
				CLANG_WARN__DUPLICATE_METHOD_MATCH = YES;
				CODE_SIGN_IDENTITY = "iPhone Developer";
				COPY_PHASE_STRIP = NO;
				DEBUG_INFORMATION_FORMAT = "dwarf-with-dsym";
				ENABLE_NS_ASSERTIONS = NO;
				ENABLE_STRICT_OBJC_MSGSEND = YES;
				GCC_C_LANGUAGE_STANDARD = gnu11;
				GCC_NO_COMMON_BLOCKS = YES;
				GCC_WARN_64_TO_32_BIT_CONVERSION = YES;
				GCC_WARN_ABOUT_RETURN_TYPE = YES_ERROR;
				GCC_WARN_UNDECLARED_SELECTOR = YES;
				GCC_WARN_UNINITIALIZED_AUTOS = YES_AGGRESSIVE;
				GCC_WARN_UNUSED_FUNCTION = YES;
				GCC_WARN_UNUSED_VARIABLE = YES;
				IPHONEOS_DEPLOYMENT_TARGET = 12.4;
				MTL_ENABLE_DEBUG_INFO = NO;
				MTL_FAST_MATH = YES;
				SDKROOT = iphoneos;
				SWIFT_COMPILATION_MODE = wholemodule;
				SWIFT_OPTIMIZATION_LEVEL = "-O";
				VALIDATE_PRODUCT = YES;
			};
			name = Release;
		};
		4DC56F0A23291A0700E39206 /* Debug */ = {
			isa = XCBuildConfiguration;
			buildSettings = {
				ALWAYS_EMBED_SWIFT_STANDARD_LIBRARIES = YES;
				ASSETCATALOG_COMPILER_APPICON_NAME = AppIcon;
				CODE_SIGN_STYLE = Automatic;
				INFOPLIST_FILE = LoginExample/Info.plist;
				LD_RUNPATH_SEARCH_PATHS = (
					"$(inherited)",
					"@executable_path/Frameworks",
				);
				PRODUCT_BUNDLE_IDENTIFIER = com.sudhan.LoginExample;
				PRODUCT_NAME = "$(TARGET_NAME)";
				SWIFT_VERSION = 5.0;
				TARGETED_DEVICE_FAMILY = "1,2";
			};
			name = Debug;
		};
		4DC56F0B23291A0700E39206 /* Release */ = {
			isa = XCBuildConfiguration;
			buildSettings = {
				ALWAYS_EMBED_SWIFT_STANDARD_LIBRARIES = YES;
				ASSETCATALOG_COMPILER_APPICON_NAME = AppIcon;
				CODE_SIGN_STYLE = Automatic;
				INFOPLIST_FILE = LoginExample/Info.plist;
				LD_RUNPATH_SEARCH_PATHS = (
					"$(inherited)",
					"@executable_path/Frameworks",
				);
				PRODUCT_BUNDLE_IDENTIFIER = com.sudhan.LoginExample;
				PRODUCT_NAME = "$(TARGET_NAME)";
				SWIFT_VERSION = 5.0;
				TARGETED_DEVICE_FAMILY = "1,2";
			};
			name = Release;
		};
/* End XCBuildConfiguration section */

/* Begin XCConfigurationList section */
		4DC56EF223291A0600E39206 /* Build configuration list for PBXProject "LoginExample" */ = {
			isa = XCConfigurationList;
			buildConfigurations = (
				4DC56F0723291A0700E39206 /* Debug */,
				4DC56F0823291A0700E39206 /* Release */,
			);
			defaultConfigurationIsVisible = 0;
			defaultConfigurationName = Release;
		};
		4DC56F0923291A0700E39206 /* Build configuration list for PBXNativeTarget "LoginExample" */ = {
			isa = XCConfigurationList;
			buildConfigurations = (
				4DC56F0A23291A0700E39206 /* Debug */,
				4DC56F0B23291A0700E39206 /* Release */,
			);
			defaultConfigurationIsVisible = 0;
			defaultConfigurationName = Release;
		};
/* End XCConfigurationList section */
	};
	rootObject = 4DC56EEF23291A0600E39206 /* Project object */;
}
